
Microsoft Visual Studio Solution File, Format Version 12.00
# Visual Studio Version 16
VisualStudioVersion = 16.0.30803.129
MinimumVisualStudioVersion = 10.0.40219.1
Project("{FAE04EC0-301F-11D3-BF4B-00C04F79EFBC}") = "WindowsFormsApp3", "WindowsFormsApp3\WindowsFormsApp3.csproj", "{16ADAA8F-21B8-4B63-A091-3BFF6AC31468}"
EndProject
Global
	GlobalSection(SolutionConfigurationPlatforms) = preSolution
		Debug|Any CPU = Debug|Any CPU
		Release|Any CPU = Release|Any CPU
	EndGlobalSection
	GlobalSection(ProjectConfigurationPlatforms) = postSolution
		{16ADAA8F-21B8-4B63-A091-3BFF6AC31468}.Debug|Any CPU.ActiveCfg = Debug|Any CPU
		{16ADAA8F-21B8-4B63-A091-3BFF6AC31468}.Debug|Any CPU.Build.0 = Debug|Any CPU
		{16ADAA8F-21B8-4B63-A091-3BFF6AC31468}.Release|Any CPU.ActiveCfg = Release|Any CPU
		{16ADAA8F-21B8-4B63-A091-3BFF6AC31468}.Release|Any CPU.Build.0 = Release|Any CPU
	EndGlobalSection
	GlobalSection(SolutionProperties) = preSolution
		HideSolutionNode = FALSE
	EndGlobalSection
	GlobalSection(ExtensibilityGlobals) = postSolution
		SolutionGuid = {F688652F-E6A7-4DD8-A0C7-B3150CD3BBB7}
	EndGlobalSection
EndGlobal
